// !$*UTF8*$!
{
	archiveVersion = 1;
	classes = {
	};
	objectVersion = 46;
	objects = {

/* Begin PBXBuildFile section */
		C12D56F91ECAA34200CC313A /* OCSInnerException.m in Sources */ = {isa = PBXBuildFile; fileRef = C12D56F81ECAA34100CC313A /* OCSInnerException.m */; };
		C162DF3D1ED90D3900222862 /* OCSStructTypeI.m in Sources */ = {isa = PBXBuildFile; fileRef = C162DF3A1ED90D3900222862 /* OCSStructTypeI.m */; };
		C162DF3E1ED90D3900222862 /* OCSStructTypeParser.m in Sources */ = {isa = PBXBuildFile; fileRef = C162DF3C1ED90D3900222862 /* OCSStructTypeParser.m */; };
		C162DF411ED90F8300222862 /* OCSTypyCommon.m in Sources */ = {isa = PBXBuildFile; fileRef = C162DF401ED90F8300222862 /* OCSTypyCommon.m */; };
		C162DF441ED90FA800222862 /* OCSTypyBase.m in Sources */ = {isa = PBXBuildFile; fileRef = C162DF431ED90FA800222862 /* OCSTypyBase.m */; };
		C162DF471ED90FEF00222862 /* OCSTypeStruct.m in Sources */ = {isa = PBXBuildFile; fileRef = C162DF461ED90FEF00222862 /* OCSTypeStruct.m */; };
		C16366D21E67A5190010A9D6 /* main.m in Sources */ = {isa = PBXBuildFile; fileRef = C16366D11E67A5190010A9D6 /* main.m */; };
		C16366D51E67A5190010A9D6 /* AppDelegate.m in Sources */ = {isa = PBXBuildFile; fileRef = C16366D41E67A5190010A9D6 /* AppDelegate.m */; };
		C16366D81E67A51A0010A9D6 /* ViewController.m in Sources */ = {isa = PBXBuildFile; fileRef = C16366D71E67A51A0010A9D6 /* ViewController.m */; };
		C16366DB1E67A51A0010A9D6 /* Main.storyboard in Resources */ = {isa = PBXBuildFile; fileRef = C16366D91E67A51A0010A9D6 /* Main.storyboard */; };
		C16366DD1E67A51A0010A9D6 /* Assets.xcassets in Resources */ = {isa = PBXBuildFile; fileRef = C16366DC1E67A51A0010A9D6 /* Assets.xcassets */; };
		C16366E01E67A51A0010A9D6 /* LaunchScreen.storyboard in Resources */ = {isa = PBXBuildFile; fileRef = C16366DE1E67A51A0010A9D6 /* LaunchScreen.storyboard */; };
		C16366EB1E67A51A0010A9D6 /* OCSTests.m in Sources */ = {isa = PBXBuildFile; fileRef = C16366EA1E67A51A0010A9D6 /* OCSTests.m */; };
		C16366F61E67A51A0010A9D6 /* OCSUITests.m in Sources */ = {isa = PBXBuildFile; fileRef = C16366F51E67A51A0010A9D6 /* OCSUITests.m */; };
		C16367091E67F5AC0010A9D6 /* QQLuaPluginManager.m in Sources */ = {isa = PBXBuildFile; fileRef = C16367081E67F5AC0010A9D6 /* QQLuaPluginManager.m */; };
		C186544A1EC30D4F00FA1E7B /* OCSExecutable.m in Sources */ = {isa = PBXBuildFile; fileRef = C18654491EC30D4F00FA1E7B /* OCSExecutable.m */; };
		C1DB9EA21EC098180017C4E1 /* OCSNativeCStruct.m in Sources */ = {isa = PBXBuildFile; fileRef = C1DB9EA11EC098180017C4E1 /* OCSNativeCStruct.m */; };
		C1DB9EA41EC098B40017C4E1 /* OCSExecutableManager.m in Sources */ = {isa = PBXBuildFile; fileRef = C1DB9EA31EC098B40017C4E1 /* OCSExecutableManager.m */; };
		C1DB9EA61EC099220017C4E1 /* OCSVirtualMachine.m in Sources */ = {isa = PBXBuildFile; fileRef = C1DB9EA51EC099220017C4E1 /* OCSVirtualMachine.m */; };
		C1DB9EA91EC099670017C4E1 /* OCSEngine.m in Sources */ = {isa = PBXBuildFile; fileRef = C1DB9EA81EC099670017C4E1 /* OCSEngine.m */; };
/* End PBXBuildFile section */

/* Begin PBXContainerItemProxy section */
		C16366E71E67A51A0010A9D6 /* PBXContainerItemProxy */ = {
			isa = PBXContainerItemProxy;
			containerPortal = C16366C51E67A5190010A9D6 /* Project object */;
			proxyType = 1;
			remoteGlobalIDString = C16366CC1E67A5190010A9D6;
			remoteInfo = OCS;
		};
		C16366F21E67A51A0010A9D6 /* PBXContainerItemProxy */ = {
			isa = PBXContainerItemProxy;
			containerPortal = C16366C51E67A5190010A9D6 /* Project object */;
			proxyType = 1;
			remoteGlobalIDString = C16366CC1E67A5190010A9D6;
			remoteInfo = OCS;
		};
/* End PBXContainerItemProxy section */

/* Begin PBXFileReference section */
		C12D56F71ECAA34100CC313A /* OCSInnerException.h */ = {isa = PBXFileReference; fileEncoding = 4; lastKnownFileType = sourcecode.c.h; path = OCSInnerException.h; sourceTree = "<group>"; };
		C12D56F81ECAA34100CC313A /* OCSInnerException.m */ = {isa = PBXFileReference; fileEncoding = 4; lastKnownFileType = sourcecode.c.objc; path = OCSInnerException.m; sourceTree = "<group>"; };
		C135A0FC1EC6EB68009844EF /* OCSVM_code.h */ = {isa = PBXFileReference; fileEncoding = 4; lastKnownFileType = sourcecode.c.h; path = OCSVM_code.h; sourceTree = "<group>"; };
		C162DF391ED90D3900222862 /* OCSStructTypeI.h */ = {isa = PBXFileReference; fileEncoding = 4; lastKnownFileType = sourcecode.c.h; path = OCSStructTypeI.h; sourceTree = "<group>"; };
		C162DF3A1ED90D3900222862 /* OCSStructTypeI.m */ = {isa = PBXFileReference; fileEncoding = 4; lastKnownFileType = sourcecode.c.objc; path = OCSStructTypeI.m; sourceTree = "<group>"; };
		C162DF3B1ED90D3900222862 /* OCSStructTypeParser.h */ = {isa = PBXFileReference; fileEncoding = 4; lastKnownFileType = sourcecode.c.h; path = OCSStructTypeParser.h; sourceTree = "<group>"; };
		C162DF3C1ED90D3900222862 /* OCSStructTypeParser.m */ = {isa = PBXFileReference; fileEncoding = 4; lastKnownFileType = sourcecode.c.objc; path = OCSStructTypeParser.m; sourceTree = "<group>"; };
		C162DF3F1ED90F8300222862 /* OCSTypyCommon.h */ = {isa = PBXFileReference; fileEncoding = 4; lastKnownFileType = sourcecode.c.h; path = OCSTypyCommon.h; sourceTree = "<group>"; };
		C162DF401ED90F8300222862 /* OCSTypyCommon.m */ = {isa = PBXFileReference; fileEncoding = 4; lastKnownFileType = sourcecode.c.objc; path = OCSTypyCommon.m; sourceTree = "<group>"; };
		C162DF421ED90FA800222862 /* OCSTypyBase.h */ = {isa = PBXFileReference; fileEncoding = 4; lastKnownFileType = sourcecode.c.h; path = OCSTypyBase.h; sourceTree = "<group>"; };
		C162DF431ED90FA800222862 /* OCSTypyBase.m */ = {isa = PBXFileReference; fileEncoding = 4; lastKnownFileType = sourcecode.c.objc; path = OCSTypyBase.m; sourceTree = "<group>"; };
		C162DF451ED90FEF00222862 /* OCSTypeStruct.h */ = {isa = PBXFileReference; fileEncoding = 4; lastKnownFileType = sourcecode.c.h; path = OCSTypeStruct.h; sourceTree = "<group>"; };
		C162DF461ED90FEF00222862 /* OCSTypeStruct.m */ = {isa = PBXFileReference; fileEncoding = 4; lastKnownFileType = sourcecode.c.objc; path = OCSTypeStruct.m; sourceTree = "<group>"; };
		C16366CD1E67A5190010A9D6 /* OCS.app */ = {isa = PBXFileReference; explicitFileType = wrapper.application; includeInIndex = 0; path = OCS.app; sourceTree = BUILT_PRODUCTS_DIR; };
		C16366D11E67A5190010A9D6 /* main.m */ = {isa = PBXFileReference; lastKnownFileType = sourcecode.c.objc; path = main.m; sourceTree = "<group>"; };
		C16366D31E67A5190010A9D6 /* AppDelegate.h */ = {isa = PBXFileReference; lastKnownFileType = sourcecode.c.h; path = AppDelegate.h; sourceTree = "<group>"; };
		C16366D41E67A5190010A9D6 /* AppDelegate.m */ = {isa = PBXFileReference; lastKnownFileType = sourcecode.c.objc; path = AppDelegate.m; sourceTree = "<group>"; };
		C16366D61E67A5190010A9D6 /* ViewController.h */ = {isa = PBXFileReference; lastKnownFileType = sourcecode.c.h; path = ViewController.h; sourceTree = "<group>"; };
		C16366D71E67A51A0010A9D6 /* ViewController.m */ = {isa = PBXFileReference; lastKnownFileType = sourcecode.c.objc; path = ViewController.m; sourceTree = "<group>"; };
		C16366DA1E67A51A0010A9D6 /* Base */ = {isa = PBXFileReference; lastKnownFileType = file.storyboard; name = Base; path = Base.lproj/Main.storyboard; sourceTree = "<group>"; };
		C16366DC1E67A51A0010A9D6 /* Assets.xcassets */ = {isa = PBXFileReference; lastKnownFileType = folder.assetcatalog; path = Assets.xcassets; sourceTree = "<group>"; };
		C16366DF1E67A51A0010A9D6 /* Base */ = {isa = PBXFileReference; lastKnownFileType = file.storyboard; name = Base; path = Base.lproj/LaunchScreen.storyboard; sourceTree = "<group>"; };
		C16366E11E67A51A0010A9D6 /* Info.plist */ = {isa = PBXFileReference; lastKnownFileType = text.plist.xml; path = Info.plist; sourceTree = "<group>"; };
		C16366E61E67A51A0010A9D6 /* OCSTests.xctest */ = {isa = PBXFileReference; explicitFileType = wrapper.cfbundle; includeInIndex = 0; path = OCSTests.xctest; sourceTree = BUILT_PRODUCTS_DIR; };
		C16366EA1E67A51A0010A9D6 /* OCSTests.m */ = {isa = PBXFileReference; lastKnownFileType = sourcecode.c.objc; path = OCSTests.m; sourceTree = "<group>"; };
		C16366EC1E67A51A0010A9D6 /* Info.plist */ = {isa = PBXFileReference; lastKnownFileType = text.plist.xml; path = Info.plist; sourceTree = "<group>"; };
		C16366F11E67A51A0010A9D6 /* OCSUITests.xctest */ = {isa = PBXFileReference; explicitFileType = wrapper.cfbundle; includeInIndex = 0; path = OCSUITests.xctest; sourceTree = BUILT_PRODUCTS_DIR; };
		C16366F51E67A51A0010A9D6 /* OCSUITests.m */ = {isa = PBXFileReference; lastKnownFileType = sourcecode.c.objc; path = OCSUITests.m; sourceTree = "<group>"; };
		C16366F71E67A51A0010A9D6 /* Info.plist */ = {isa = PBXFileReference; lastKnownFileType = text.plist.xml; path = Info.plist; sourceTree = "<group>"; };
		C16367071E67F5AC0010A9D6 /* QQLuaPluginManager.h */ = {isa = PBXFileReference; fileEncoding = 4; lastKnownFileType = sourcecode.c.h; path = QQLuaPluginManager.h; sourceTree = "<group>"; };
		C16367081E67F5AC0010A9D6 /* QQLuaPluginManager.m */ = {isa = PBXFileReference; fileEncoding = 4; lastKnownFileType = sourcecode.c.objc; path = QQLuaPluginManager.m; sourceTree = "<group>"; };
		C18654491EC30D4F00FA1E7B /* OCSExecutable.m */ = {isa = PBXFileReference; fileEncoding = 4; lastKnownFileType = sourcecode.c.objc; path = OCSExecutable.m; sourceTree = "<group>"; };
		C18D00D61ED81A7C00DE64E0 /* OCSNativeCStruct.h */ = {isa = PBXFileReference; fileEncoding = 4; lastKnownFileType = sourcecode.c.h; path = OCSNativeCStruct.h; sourceTree = "<group>"; };
		C1DB9EA11EC098180017C4E1 /* OCSNativeCStruct.m */ = {isa = PBXFileReference; fileEncoding = 4; lastKnownFileType = sourcecode.c.objc; path = OCSNativeCStruct.m; sourceTree = "<group>"; };
		C1DB9EA31EC098B40017C4E1 /* OCSExecutableManager.m */ = {isa = PBXFileReference; fileEncoding = 4; lastKnownFileType = sourcecode.c.objc; path = OCSExecutableManager.m; sourceTree = "<group>"; };
		C1DB9EA51EC099220017C4E1 /* OCSVirtualMachine.m */ = {isa = PBXFileReference; fileEncoding = 4; lastKnownFileType = sourcecode.c.objc; path = OCSVirtualMachine.m; sourceTree = "<group>"; };
		C1DB9EA71EC099670017C4E1 /* OCSEngine.h */ = {isa = PBXFileReference; fileEncoding = 4; lastKnownFileType = sourcecode.c.h; path = OCSEngine.h; sourceTree = "<group>"; };
		C1DB9EA81EC099670017C4E1 /* OCSEngine.m */ = {isa = PBXFileReference; fileEncoding = 4; lastKnownFileType = sourcecode.c.objc; path = OCSEngine.m; sourceTree = "<group>"; };
/* End PBXFileReference section */

/* Begin PBXFrameworksBuildPhase section */
		C16366CA1E67A5190010A9D6 /* Frameworks */ = {
			isa = PBXFrameworksBuildPhase;
			buildActionMask = 2147483647;
			files = (
			);
			runOnlyForDeploymentPostprocessing = 0;
		};
		C16366E31E67A51A0010A9D6 /* Frameworks */ = {
			isa = PBXFrameworksBuildPhase;
			buildActionMask = 2147483647;
			files = (
			);
			runOnlyForDeploymentPostprocessing = 0;
		};
		C16366EE1E67A51A0010A9D6 /* Frameworks */ = {
			isa = PBXFrameworksBuildPhase;
			buildActionMask = 2147483647;
			files = (
			);
			runOnlyForDeploymentPostprocessing = 0;
		};
/* End PBXFrameworksBuildPhase section */

/* Begin PBXGroup section */
		C16366C41E67A5190010A9D6 = {
			isa = PBXGroup;
			children = (
				C16366CF1E67A5190010A9D6 /* OCS */,
				C16366E91E67A51A0010A9D6 /* OCSTests */,
				C16366F41E67A51A0010A9D6 /* OCSUITests */,
				C16366CE1E67A5190010A9D6 /* Products */,
			);
			sourceTree = "<group>";
		};
		C16366CE1E67A5190010A9D6 /* Products */ = {
			isa = PBXGroup;
			children = (
				C16366CD1E67A5190010A9D6 /* OCS.app */,
				C16366E61E67A51A0010A9D6 /* OCSTests.xctest */,
				C16366F11E67A51A0010A9D6 /* OCSUITests.xctest */,
			);
			name = Products;
			sourceTree = "<group>";
		};
		C16366CF1E67A5190010A9D6 /* OCS */ = {
			isa = PBXGroup;
			children = (
				C1DB9E991EC097BE0017C4E1 /* OCSPatch */,
				C16367071E67F5AC0010A9D6 /* QQLuaPluginManager.h */,
				C16367081E67F5AC0010A9D6 /* QQLuaPluginManager.m */,
				C16366D31E67A5190010A9D6 /* AppDelegate.h */,
				C16366D41E67A5190010A9D6 /* AppDelegate.m */,
				C16366D61E67A5190010A9D6 /* ViewController.h */,
				C16366D71E67A51A0010A9D6 /* ViewController.m */,
				C16366D91E67A51A0010A9D6 /* Main.storyboard */,
				C16366DC1E67A51A0010A9D6 /* Assets.xcassets */,
				C16366DE1E67A51A0010A9D6 /* LaunchScreen.storyboard */,
				C16366E11E67A51A0010A9D6 /* Info.plist */,
				C16366D01E67A5190010A9D6 /* Supporting Files */,
			);
			path = OCS;
			sourceTree = "<group>";
		};
		C16366D01E67A5190010A9D6 /* Supporting Files */ = {
			isa = PBXGroup;
			children = (
				C16366D11E67A5190010A9D6 /* main.m */,
			);
			name = "Supporting Files";
			sourceTree = "<group>";
		};
		C16366E91E67A51A0010A9D6 /* OCSTests */ = {
			isa = PBXGroup;
			children = (
				C16366EA1E67A51A0010A9D6 /* OCSTests.m */,
				C16366EC1E67A51A0010A9D6 /* Info.plist */,
			);
			path = OCSTests;
			sourceTree = "<group>";
		};
		C16366F41E67A51A0010A9D6 /* OCSUITests */ = {
			isa = PBXGroup;
			children = (
				C16366F51E67A51A0010A9D6 /* OCSUITests.m */,
				C16366F71E67A51A0010A9D6 /* Info.plist */,
			);
			path = OCSUITests;
			sourceTree = "<group>";
		};
		C1DB9E991EC097BE0017C4E1 /* OCSPatch */ = {
			isa = PBXGroup;
			children = (
				C1DB9E9A1EC097BE0017C4E1 /* OCSVirtualMachine */,
			);
			path = OCSPatch;
			sourceTree = "<group>";
		};
		C1DB9E9A1EC097BE0017C4E1 /* OCSVirtualMachine */ = {
			isa = PBXGroup;
			children = (
				C1DB9E9B1EC097BE0017C4E1 /* OCSVirtualMachine */,
			);
			path = OCSVirtualMachine;
			sourceTree = "<group>";
		};
		C1DB9E9B1EC097BE0017C4E1 /* OCSVirtualMachine */ = {
			isa = PBXGroup;
			children = (
				C1DB9E9C1EC097BE0017C4E1 /* OCSEngine */,
			);
			path = OCSVirtualMachine;
			sourceTree = "<group>";
		};
		C1DB9E9C1EC097BE0017C4E1 /* OCSEngine */ = {
			isa = PBXGroup;
			children = (
				C1DB9EA71EC099670017C4E1 /* OCSEngine.h */,
				C1DB9EA81EC099670017C4E1 /* OCSEngine.m */,
				C1DB9E9D1EC097BE0017C4E1 /* Bridge */,
				C1DB9E9F1EC097BE0017C4E1 /* Executable */,
				C1DB9EA01EC097BE0017C4E1 /* VirtualMachine */,
				C135A0FC1EC6EB68009844EF /* OCSVM_code.h */,
				C12D56F71ECAA34100CC313A /* OCSInnerException.h */,
				C12D56F81ECAA34100CC313A /* OCSInnerException.m */,
			);
			path = OCSEngine;
			sourceTree = "<group>";
		};
		C1DB9E9D1EC097BE0017C4E1 /* Bridge */ = {
			isa = PBXGroup;
			children = (
				C1DB9E9E1EC097BE0017C4E1 /* NativeCBridge */,
			);
			path = Bridge;
			sourceTree = "<group>";
		};
		C1DB9E9E1EC097BE0017C4E1 /* NativeCBridge */ = {
			isa = PBXGroup;
			children = (
				C18D00D61ED81A7C00DE64E0 /* OCSNativeCStruct.h */,
				C1DB9EA11EC098180017C4E1 /* OCSNativeCStruct.m */,
				C162DF3B1ED90D3900222862 /* OCSStructTypeParser.h */,
				C162DF3C1ED90D3900222862 /* OCSStructTypeParser.m */,
				C162DF391ED90D3900222862 /* OCSStructTypeI.h */,
				C162DF3A1ED90D3900222862 /* OCSStructTypeI.m */,
				C162DF3F1ED90F8300222862 /* OCSTypyCommon.h */,
				C162DF401ED90F8300222862 /* OCSTypyCommon.m */,
				C162DF421ED90FA800222862 /* OCSTypyBase.h */,
				C162DF431ED90FA800222862 /* OCSTypyBase.m */,
				C162DF451ED90FEF00222862 /* OCSTypeStruct.h */,
				C162DF461ED90FEF00222862 /* OCSTypeStruct.m */,
			);
			path = NativeCBridge;
			sourceTree = "<group>";
		};
		C1DB9E9F1EC097BE0017C4E1 /* Executable */ = {
			isa = PBXGroup;
			children = (
				C1DB9EA31EC098B40017C4E1 /* OCSExecutableManager.m */,
				C18654491EC30D4F00FA1E7B /* OCSExecutable.m */,
			);
			path = Executable;
			sourceTree = "<group>";
		};
		C1DB9EA01EC097BE0017C4E1 /* VirtualMachine */ = {
			isa = PBXGroup;
			children = (
				C1DB9EA51EC099220017C4E1 /* OCSVirtualMachine.m */,
			);
			path = VirtualMachine;
			sourceTree = "<group>";
		};
/* End PBXGroup section */

/* Begin PBXNativeTarget section */
		C16366CC1E67A5190010A9D6 /* OCS */ = {
			isa = PBXNativeTarget;
			buildConfigurationList = C16366FA1E67A51A0010A9D6 /* Build configuration list for PBXNativeTarget "OCS" */;
			buildPhases = (
				C16366C91E67A5190010A9D6 /* Sources */,
				C16366CA1E67A5190010A9D6 /* Frameworks */,
				C16366CB1E67A5190010A9D6 /* Resources */,
			);
			buildRules = (
			);
			dependencies = (
			);
			name = OCS;
			productName = OCS;
			productReference = C16366CD1E67A5190010A9D6 /* OCS.app */;
			productType = "com.apple.product-type.application";
		};
		C16366E51E67A51A0010A9D6 /* OCSTests */ = {
			isa = PBXNativeTarget;
			buildConfigurationList = C16366FD1E67A51A0010A9D6 /* Build configuration list for PBXNativeTarget "OCSTests" */;
			buildPhases = (
				C16366E21E67A51A0010A9D6 /* Sources */,
				C16366E31E67A51A0010A9D6 /* Frameworks */,
				C16366E41E67A51A0010A9D6 /* Resources */,
			);
			buildRules = (
			);
			dependencies = (
				C16366E81E67A51A0010A9D6 /* PBXTargetDependency */,
			);
			name = OCSTests;
			productName = OCSTests;
			productReference = C16366E61E67A51A0010A9D6 /* OCSTests.xctest */;
			productType = "com.apple.product-type.bundle.unit-test";
		};
		C16366F01E67A51A0010A9D6 /* OCSUITests */ = {
			isa = PBXNativeTarget;
			buildConfigurationList = C16367001E67A51A0010A9D6 /* Build configuration list for PBXNativeTarget "OCSUITests" */;
			buildPhases = (
				C16366ED1E67A51A0010A9D6 /* Sources */,
				C16366EE1E67A51A0010A9D6 /* Frameworks */,
				C16366EF1E67A51A0010A9D6 /* Resources */,
			);
			buildRules = (
			);
			dependencies = (
				C16366F31E67A51A0010A9D6 /* PBXTargetDependency */,
			);
			name = OCSUITests;
			productName = OCSUITests;
			productReference = C16366F11E67A51A0010A9D6 /* OCSUITests.xctest */;
			productType = "com.apple.product-type.bundle.ui-testing";
		};
/* End PBXNativeTarget section */

/* Begin PBXProject section */
		C16366C51E67A5190010A9D6 /* Project object */ = {
			isa = PBXProject;
			attributes = {
				LastUpgradeCheck = 0820;
				ORGANIZATIONNAME = Xummer;
				TargetAttributes = {
					C16366CC1E67A5190010A9D6 = {
						CreatedOnToolsVersion = 8.2.1;
						DevelopmentTeam = 3YNA7CJZEF;
						ProvisioningStyle = Automatic;
					};
					C16366E51E67A51A0010A9D6 = {
						CreatedOnToolsVersion = 8.2.1;
						DevelopmentTeam = 3YNA7CJZEF;
						ProvisioningStyle = Automatic;
						TestTargetID = C16366CC1E67A5190010A9D6;
					};
					C16366F01E67A51A0010A9D6 = {
						CreatedOnToolsVersion = 8.2.1;
						DevelopmentTeam = 3YNA7CJZEF;
						ProvisioningStyle = Automatic;
						TestTargetID = C16366CC1E67A5190010A9D6;
					};
				};
			};
			buildConfigurationList = C16366C81E67A5190010A9D6 /* Build configuration list for PBXProject "OCS" */;
			compatibilityVersion = "Xcode 3.2";
			developmentRegion = English;
			hasScannedForEncodings = 0;
			knownRegions = (
				en,
				Base,
			);
			mainGroup = C16366C41E67A5190010A9D6;
			productRefGroup = C16366CE1E67A5190010A9D6 /* Products */;
			projectDirPath = "";
			projectRoot = "";
			targets = (
				C16366CC1E67A5190010A9D6 /* OCS */,
				C16366E51E67A51A0010A9D6 /* OCSTests */,
				C16366F01E67A51A0010A9D6 /* OCSUITests */,
			);
		};
/* End PBXProject section */

/* Begin PBXResourcesBuildPhase section */
		C16366CB1E67A5190010A9D6 /* Resources */ = {
			isa = PBXResourcesBuildPhase;
			buildActionMask = 2147483647;
			files = (
				C16366E01E67A51A0010A9D6 /* LaunchScreen.storyboard in Resources */,
				C16366DD1E67A51A0010A9D6 /* Assets.xcassets in Resources */,
				C16366DB1E67A51A0010A9D6 /* Main.storyboard in Resources */,
			);
			runOnlyForDeploymentPostprocessing = 0;
		};
		C16366E41E67A51A0010A9D6 /* Resources */ = {
			isa = PBXResourcesBuildPhase;
			buildActionMask = 2147483647;
			files = (
			);
			runOnlyForDeploymentPostprocessing = 0;
		};
		C16366EF1E67A51A0010A9D6 /* Resources */ = {
			isa = PBXResourcesBuildPhase;
			buildActionMask = 2147483647;
			files = (
			);
			runOnlyForDeploymentPostprocessing = 0;
		};
/* End PBXResourcesBuildPhase section */

/* Begin PBXSourcesBuildPhase section */
		C16366C91E67A5190010A9D6 /* Sources */ = {
			isa = PBXSourcesBuildPhase;
			buildActionMask = 2147483647;
			files = (
				C162DF441ED90FA800222862 /* OCSTypyBase.m in Sources */,
				C1DB9EA41EC098B40017C4E1 /* OCSExecutableManager.m in Sources */,
				C1DB9EA91EC099670017C4E1 /* OCSEngine.m in Sources */,
				C16367091E67F5AC0010A9D6 /* QQLuaPluginManager.m in Sources */,
				C186544A1EC30D4F00FA1E7B /* OCSExecutable.m in Sources */,
				C162DF471ED90FEF00222862 /* OCSTypeStruct.m in Sources */,
				C1DB9EA21EC098180017C4E1 /* OCSNativeCStruct.m in Sources */,
				C162DF3E1ED90D3900222862 /* OCSStructTypeParser.m in Sources */,
				C16366D81E67A51A0010A9D6 /* ViewController.m in Sources */,
				C162DF411ED90F8300222862 /* OCSTypyCommon.m in Sources */,
				C162DF3D1ED90D3900222862 /* OCSStructTypeI.m in Sources */,
				C12D56F91ECAA34200CC313A /* OCSInnerException.m in Sources */,
				C16366D51E67A5190010A9D6 /* AppDelegate.m in Sources */,
				C16366D21E67A5190010A9D6 /* main.m in Sources */,
				C1DB9EA61EC099220017C4E1 /* OCSVirtualMachine.m in Sources */,
			);
			runOnlyForDeploymentPostprocessing = 0;
		};
		C16366E21E67A51A0010A9D6 /* Sources */ = {
			isa = PBXSourcesBuildPhase;
			buildActionMask = 2147483647;
			files = (
				C16366EB1E67A51A0010A9D6 /* OCSTests.m in Sources */,
			);
			runOnlyForDeploymentPostprocessing = 0;
		};
		C16366ED1E67A51A0010A9D6 /* Sources */ = {
			isa = PBXSourcesBuildPhase;
			buildActionMask = 2147483647;
			files = (
				C16366F61E67A51A0010A9D6 /* OCSUITests.m in Sources */,
			);
			runOnlyForDeploymentPostprocessing = 0;
		};
/* End PBXSourcesBuildPhase section */

/* Begin PBXTargetDependency section */
		C16366E81E67A51A0010A9D6 /* PBXTargetDependency */ = {
			isa = PBXTargetDependency;
			target = C16366CC1E67A5190010A9D6 /* OCS */;
			targetProxy = C16366E71E67A51A0010A9D6 /* PBXContainerItemProxy */;
		};
		C16366F31E67A51A0010A9D6 /* PBXTargetDependency */ = {
			isa = PBXTargetDependency;
			target = C16366CC1E67A5190010A9D6 /* OCS */;
			targetProxy = C16366F21E67A51A0010A9D6 /* PBXContainerItemProxy */;
		};
/* End PBXTargetDependency section */

/* Begin PBXVariantGroup section */
		C16366D91E67A51A0010A9D6 /* Main.storyboard */ = {
			isa = PBXVariantGroup;
			children = (
				C16366DA1E67A51A0010A9D6 /* Base */,
			);
			name = Main.storyboard;
			sourceTree = "<group>";
		};
		C16366DE1E67A51A0010A9D6 /* LaunchScreen.storyboard */ = {
			isa = PBXVariantGroup;
			children = (
				C16366DF1E67A51A0010A9D6 /* Base */,
			);
			name = LaunchScreen.storyboard;
			sourceTree = "<group>";
		};
/* End PBXVariantGroup section */

/* Begin XCBuildConfiguration section */
		C16366F81E67A51A0010A9D6 /* Debug */ = {
			isa = XCBuildConfiguration;
			buildSettings = {
				ALWAYS_SEARCH_USER_PATHS = NO;
				CLANG_ANALYZER_NONNULL = YES;
				CLANG_CXX_LANGUAGE_STANDARD = "gnu++0x";
				CLANG_CXX_LIBRARY = "libc++";
				CLANG_ENABLE_MODULES = YES;
				CLANG_ENABLE_OBJC_ARC = YES;
				CLANG_WARN_BOOL_CONVERSION = YES;
				CLANG_WARN_CONSTANT_CONVERSION = YES;
				CLANG_WARN_DIRECT_OBJC_ISA_USAGE = YES_ERROR;
				CLANG_WARN_DOCUMENTATION_COMMENTS = YES;
				CLANG_WARN_EMPTY_BODY = YES;
				CLANG_WARN_ENUM_CONVERSION = YES;
				CLANG_WARN_INFINITE_RECURSION = YES;
				CLANG_WARN_INT_CONVERSION = YES;
				CLANG_WARN_OBJC_ROOT_CLASS = YES_ERROR;
				CLANG_WARN_SUSPICIOUS_MOVE = YES;
				CLANG_WARN_UNREACHABLE_CODE = YES;
				CLANG_WARN__DUPLICATE_METHOD_MATCH = YES;
				"CODE_SIGN_IDENTITY[sdk=iphoneos*]" = "iPhone Developer";
				COPY_PHASE_STRIP = NO;
				DEBUG_INFORMATION_FORMAT = dwarf;
				ENABLE_STRICT_OBJC_MSGSEND = YES;
				ENABLE_TESTABILITY = YES;
				GCC_C_LANGUAGE_STANDARD = gnu99;
				GCC_DYNAMIC_NO_PIC = NO;
				GCC_NO_COMMON_BLOCKS = YES;
				GCC_OPTIMIZATION_LEVEL = 0;
				GCC_PREPROCESSOR_DEFINITIONS = (
					"DEBUG=1",
					"$(inherited)",
				);
				GCC_WARN_64_TO_32_BIT_CONVERSION = YES;
				GCC_WARN_ABOUT_RETURN_TYPE = YES_ERROR;
				GCC_WARN_UNDECLARED_SELECTOR = YES;
				GCC_WARN_UNINITIALIZED_AUTOS = YES_AGGRESSIVE;
				GCC_WARN_UNUSED_FUNCTION = YES;
				GCC_WARN_UNUSED_VARIABLE = YES;
				IPHONEOS_DEPLOYMENT_TARGET = 10.2;
				MTL_ENABLE_DEBUG_INFO = YES;
				ONLY_ACTIVE_ARCH = YES;
				SDKROOT = iphoneos;
				TARGETED_DEVICE_FAMILY = "1,2";
			};
			name = Debug;
		};
		C16366F91E67A51A0010A9D6 /* Release */ = {
			isa = XCBuildConfiguration;
			buildSettings = {
				ALWAYS_SEARCH_USER_PATHS = NO;
				CLANG_ANALYZER_NONNULL = YES;
				CLANG_CXX_LANGUAGE_STANDARD = "gnu++0x";
				CLANG_CXX_LIBRARY = "libc++";
				CLANG_ENABLE_MODULES = YES;
				CLANG_ENABLE_OBJC_ARC = YES;
				CLANG_WARN_BOOL_CONVERSION = YES;
				CLANG_WARN_CONSTANT_CONVERSION = YES;
				CLANG_WARN_DIRECT_OBJC_ISA_USAGE = YES_ERROR;
				CLANG_WARN_DOCUMENTATION_COMMENTS = YES;
				CLANG_WARN_EMPTY_BODY = YES;
				CLANG_WARN_ENUM_CONVERSION = YES;
				CLANG_WARN_INFINITE_RECURSION = YES;
				CLANG_WARN_INT_CONVERSION = YES;
				CLANG_WARN_OBJC_ROOT_CLASS = YES_ERROR;
				CLANG_WARN_SUSPICIOUS_MOVE = YES;
				CLANG_WARN_UNREACHABLE_CODE = YES;
				CLANG_WARN__DUPLICATE_METHOD_MATCH = YES;
				"CODE_SIGN_IDENTITY[sdk=iphoneos*]" = "iPhone Developer";
				COPY_PHASE_STRIP = NO;
				DEBUG_INFORMATION_FORMAT = "dwarf-with-dsym";
				ENABLE_NS_ASSERTIONS = NO;
				ENABLE_STRICT_OBJC_MSGSEND = YES;
				GCC_C_LANGUAGE_STANDARD = gnu99;
				GCC_NO_COMMON_BLOCKS = YES;
				GCC_WARN_64_TO_32_BIT_CONVERSION = YES;
				GCC_WARN_ABOUT_RETURN_TYPE = YES_ERROR;
				GCC_WARN_UNDECLARED_SELECTOR = YES;
				GCC_WARN_UNINITIALIZED_AUTOS = YES_AGGRESSIVE;
				GCC_WARN_UNUSED_FUNCTION = YES;
				GCC_WARN_UNUSED_VARIABLE = YES;
				IPHONEOS_DEPLOYMENT_TARGET = 10.2;
				MTL_ENABLE_DEBUG_INFO = NO;
				SDKROOT = iphoneos;
				TARGETED_DEVICE_FAMILY = "1,2";
				VALIDATE_PRODUCT = YES;
			};
			name = Release;
		};
		C16366FB1E67A51A0010A9D6 /* Debug */ = {
			isa = XCBuildConfiguration;
			buildSettings = {
				ASSETCATALOG_COMPILER_APPICON_NAME = AppIcon;
				DEVELOPMENT_TEAM = 3YNA7CJZEF;
				INFOPLIST_FILE = OCS/Info.plist;
				LD_RUNPATH_SEARCH_PATHS = "$(inherited) @executable_path/Frameworks";
				PRODUCT_BUNDLE_IDENTIFIER = xummer.OCS;
				PRODUCT_NAME = "$(TARGET_NAME)";
			};
			name = Debug;
		};
		C16366FC1E67A51A0010A9D6 /* Release */ = {
			isa = XCBuildConfiguration;
			buildSettings = {
				ASSETCATALOG_COMPILER_APPICON_NAME = AppIcon;
				DEVELOPMENT_TEAM = 3YNA7CJZEF;
				INFOPLIST_FILE = OCS/Info.plist;
				LD_RUNPATH_SEARCH_PATHS = "$(inherited) @executable_path/Frameworks";
				PRODUCT_BUNDLE_IDENTIFIER = xummer.OCS;
				PRODUCT_NAME = "$(TARGET_NAME)";
			};
			name = Release;
		};
		C16366FE1E67A51A0010A9D6 /* Debug */ = {
			isa = XCBuildConfiguration;
			buildSettings = {
				BUNDLE_LOADER = "$(TEST_HOST)";
				DEVELOPMENT_TEAM = 3YNA7CJZEF;
				INFOPLIST_FILE = OCSTests/Info.plist;
				LD_RUNPATH_SEARCH_PATHS = "$(inherited) @executable_path/Frameworks @loader_path/Frameworks";
				PRODUCT_BUNDLE_IDENTIFIER = xummer.OCSTests;
				PRODUCT_NAME = "$(TARGET_NAME)";
				TEST_HOST = "$(BUILT_PRODUCTS_DIR)/OCS.app/OCS";
			};
			name = Debug;
		};
		C16366FF1E67A51A0010A9D6 /* Release */ = {
			isa = XCBuildConfiguration;
			buildSettings = {
				BUNDLE_LOADER = "$(TEST_HOST)";
				DEVELOPMENT_TEAM = 3YNA7CJZEF;
				INFOPLIST_FILE = OCSTests/Info.plist;
				LD_RUNPATH_SEARCH_PATHS = "$(inherited) @executable_path/Frameworks @loader_path/Frameworks";
				PRODUCT_BUNDLE_IDENTIFIER = xummer.OCSTests;
				PRODUCT_NAME = "$(TARGET_NAME)";
				TEST_HOST = "$(BUILT_PRODUCTS_DIR)/OCS.app/OCS";
			};
			name = Release;
		};
		C16367011E67A51A0010A9D6 /* Debug */ = {
			isa = XCBuildConfiguration;
			buildSettings = {
				DEVELOPMENT_TEAM = 3YNA7CJZEF;
				INFOPLIST_FILE = OCSUITests/Info.plist;
				LD_RUNPATH_SEARCH_PATHS = "$(inherited) @executable_path/Frameworks @loader_path/Frameworks";
				PRODUCT_BUNDLE_IDENTIFIER = xummer.OCSUITests;
				PRODUCT_NAME = "$(TARGET_NAME)";
				TEST_TARGET_NAME = OCS;
			};
			name = Debug;
		};
		C16367021E67A51A0010A9D6 /* Release */ = {
			isa = XCBuildConfiguration;
			buildSettings = {
				DEVELOPMENT_TEAM = 3YNA7CJZEF;
				INFOPLIST_FILE = OCSUITests/Info.plist;
				LD_RUNPATH_SEARCH_PATHS = "$(inherited) @executable_path/Frameworks @loader_path/Frameworks";
				PRODUCT_BUNDLE_IDENTIFIER = xummer.OCSUITests;
				PRODUCT_NAME = "$(TARGET_NAME)";
				TEST_TARGET_NAME = OCS;
			};
			name = Release;
		};
/* End XCBuildConfiguration section */

/* Begin XCConfigurationList section */
		C16366C81E67A5190010A9D6 /* Build configuration list for PBXProject "OCS" */ = {
			isa = XCConfigurationList;
			buildConfigurations = (
				C16366F81E67A51A0010A9D6 /* Debug */,
				C16366F91E67A51A0010A9D6 /* Release */,
			);
			defaultConfigurationIsVisible = 0;
			defaultConfigurationName = Release;
		};
		C16366FA1E67A51A0010A9D6 /* Build configuration list for PBXNativeTarget "OCS" */ = {
			isa = XCConfigurationList;
			buildConfigurations = (
				C16366FB1E67A51A0010A9D6 /* Debug */,
				C16366FC1E67A51A0010A9D6 /* Release */,
			);
			defaultConfigurationIsVisible = 0;
			defaultConfigurationName = Release;
		};
		C16366FD1E67A51A0010A9D6 /* Build configuration list for PBXNativeTarget "OCSTests" */ = {
			isa = XCConfigurationList;
			buildConfigurations = (
				C16366FE1E67A51A0010A9D6 /* Debug */,
				C16366FF1E67A51A0010A9D6 /* Release */,
			);
			defaultConfigurationIsVisible = 0;
			defaultConfigurationName = Release;
		};
		C16367001E67A51A0010A9D6 /* Build configuration list for PBXNativeTarget "OCSUITests" */ = {
			isa = XCConfigurationList;
			buildConfigurations = (
				C16367011E67A51A0010A9D6 /* Debug */,
				C16367021E67A51A0010A9D6 /* Release */,
			);
			defaultConfigurationIsVisible = 0;
			defaultConfigurationName = Release;
		};
/* End XCConfigurationList section */
	};
	rootObject = C16366C51E67A5190010A9D6 /* Project object */;
}
